
Microsoft Visual Studio Solution File, Format Version 12.00
# Visual Studio Version 17
VisualStudioVersion = 17.5.002.0
MinimumVisualStudioVersion = 10.0.40219.1
Project("{9A19103F-16F7-4668-BE54-9A1E7A4F7556}") = "cs_delegate", "cs_delegate.csproj", "{36510FB1-7B2F-4BC6-89A8-CA9DC8182A07}"
EndProject
Global
	GlobalSection(SolutionConfigurationPlatforms) = preSolution
		Debug|Any CPU = Debug|Any CPU
		Release|Any CPU = Release|Any CPU
	EndGlobalSection
	GlobalSection(ProjectConfigurationPlatforms) = postSolution
		{36510FB1-7B2F-4BC6-89A8-CA9DC8182A07}.Debug|Any CPU.ActiveCfg = Debug|Any CPU
		{36510FB1-7B2F-4BC6-89A8-CA9DC8182A07}.Debug|Any CPU.Build.0 = Debug|Any CPU
		{36510FB1-7B2F-4BC6-89A8-CA9DC8182A07}.Release|Any CPU.ActiveCfg = Release|Any CPU
		{36510FB1-7B2F-4BC6-89A8-CA9DC8182A07}.Release|Any CPU.Build.0 = Release|Any CPU
	EndGlobalSection
	GlobalSection(SolutionProperties) = preSolution
		HideSolutionNode = FALSE
	EndGlobalSection
	GlobalSection(ExtensibilityGlobals) = postSolution
		SolutionGuid = {C93BE294-D569-4B18-B82A-0FD8E96931A6}
	EndGlobalSection
EndGlobal
