
Microsoft Visual Studio Solution File, Format Version 12.00
# Visual Studio Version 16
VisualStudioVersion = 16.0.33801.447
MinimumVisualStudioVersion = 10.0.40219.1
Project("{FAE04EC0-301F-11D3-BF4B-00C04F79EFBC}") = "Enum", "Enum\Enum.csproj", "{F49E8D5C-A88F-49F5-A557-99767416300E}"
EndProject
Global
	GlobalSection(SolutionConfigurationPlatforms) = preSolution
		Debug|Any CPU = Debug|Any CPU
		Release|Any CPU = Release|Any CPU
	EndGlobalSection
	GlobalSection(ProjectConfigurationPlatforms) = postSolution
		{F49E8D5C-A88F-49F5-A557-99767416300E}.Debug|Any CPU.ActiveCfg = Debug|Any CPU
		{F49E8D5C-A88F-49F5-A557-99767416300E}.Debug|Any CPU.Build.0 = Debug|Any CPU
		{F49E8D5C-A88F-49F5-A557-99767416300E}.Release|Any CPU.ActiveCfg = Release|Any CPU
		{F49E8D5C-A88F-49F5-A557-99767416300E}.Release|Any CPU.Build.0 = Release|Any CPU
	EndGlobalSection
	GlobalSection(SolutionProperties) = preSolution
		HideSolutionNode = FALSE
	EndGlobalSection
	GlobalSection(ExtensibilityGlobals) = postSolution
		SolutionGuid = {AEFF2D8C-6557-4392-A080-11B1DCB9BEA4}
	EndGlobalSection
EndGlobal
