
Microsoft Visual Studio Solution File, Format Version 12.00
# Visual Studio Version 17
VisualStudioVersion = 17.5.002.0
MinimumVisualStudioVersion = 10.0.40219.1
Project("{9A19103F-16F7-4668-BE54-9A1E7A4F7556}") = "LinqExample", "LinqExample.csproj", "{496090CF-A237-4BA7-BFCB-AEB703CDEAFD}"
EndProject
Global
	GlobalSection(SolutionConfigurationPlatforms) = preSolution
		Debug|Any CPU = Debug|Any CPU
		Release|Any CPU = Release|Any CPU
	EndGlobalSection
	GlobalSection(ProjectConfigurationPlatforms) = postSolution
		{496090CF-A237-4BA7-BFCB-AEB703CDEAFD}.Debug|Any CPU.ActiveCfg = Debug|Any CPU
		{496090CF-A237-4BA7-BFCB-AEB703CDEAFD}.Debug|Any CPU.Build.0 = Debug|Any CPU
		{496090CF-A237-4BA7-BFCB-AEB703CDEAFD}.Release|Any CPU.ActiveCfg = Release|Any CPU
		{496090CF-A237-4BA7-BFCB-AEB703CDEAFD}.Release|Any CPU.Build.0 = Release|Any CPU
	EndGlobalSection
	GlobalSection(SolutionProperties) = preSolution
		HideSolutionNode = FALSE
	EndGlobalSection
	GlobalSection(ExtensibilityGlobals) = postSolution
		SolutionGuid = {1F060981-DD0B-4FC4-BCF0-89FF5D548C19}
	EndGlobalSection
EndGlobal
