
Microsoft Visual Studio Solution File, Format Version 12.00
# Visual Studio Version 17
VisualStudioVersion = 17.5.002.0
MinimumVisualStudioVersion = 10.0.40219.1
Project("{9A19103F-16F7-4668-BE54-9A1E7A4F7556}") = "web_DI", "web_DI.csproj", "{AD923AD0-16C0-47C6-8089-3116EE9F9D6C}"
EndProject
Global
	GlobalSection(SolutionConfigurationPlatforms) = preSolution
		Debug|Any CPU = Debug|Any CPU
		Release|Any CPU = Release|Any CPU
	EndGlobalSection
	GlobalSection(ProjectConfigurationPlatforms) = postSolution
		{AD923AD0-16C0-47C6-8089-3116EE9F9D6C}.Debug|Any CPU.ActiveCfg = Debug|Any CPU
		{AD923AD0-16C0-47C6-8089-3116EE9F9D6C}.Debug|Any CPU.Build.0 = Debug|Any CPU
		{AD923AD0-16C0-47C6-8089-3116EE9F9D6C}.Release|Any CPU.ActiveCfg = Release|Any CPU
		{AD923AD0-16C0-47C6-8089-3116EE9F9D6C}.Release|Any CPU.Build.0 = Release|Any CPU
	EndGlobalSection
	GlobalSection(SolutionProperties) = preSolution
		HideSolutionNode = FALSE
	EndGlobalSection
	GlobalSection(ExtensibilityGlobals) = postSolution
		SolutionGuid = {52992E5D-1368-41E1-BECE-F2005BBF8961}
	EndGlobalSection
EndGlobal
