
Microsoft Visual Studio Solution File, Format Version 12.00
# Visual Studio Version 17
VisualStudioVersion = 17.5.002.0
MinimumVisualStudioVersion = 10.0.40219.1
Project("{9A19103F-16F7-4668-BE54-9A1E7A4F7556}") = "cs_fileExample", "cs_fileExample.csproj", "{229D3B18-2DA8-45CD-80A8-B43067C7C13E}"
EndProject
Global
	GlobalSection(SolutionConfigurationPlatforms) = preSolution
		Debug|Any CPU = Debug|Any CPU
		Release|Any CPU = Release|Any CPU
	EndGlobalSection
	GlobalSection(ProjectConfigurationPlatforms) = postSolution
		{229D3B18-2DA8-45CD-80A8-B43067C7C13E}.Debug|Any CPU.ActiveCfg = Debug|Any CPU
		{229D3B18-2DA8-45CD-80A8-B43067C7C13E}.Debug|Any CPU.Build.0 = Debug|Any CPU
		{229D3B18-2DA8-45CD-80A8-B43067C7C13E}.Release|Any CPU.ActiveCfg = Release|Any CPU
		{229D3B18-2DA8-45CD-80A8-B43067C7C13E}.Release|Any CPU.Build.0 = Release|Any CPU
	EndGlobalSection
	GlobalSection(SolutionProperties) = preSolution
		HideSolutionNode = FALSE
	EndGlobalSection
	GlobalSection(ExtensibilityGlobals) = postSolution
		SolutionGuid = {B9E37E5B-06EB-4561-BDAD-7F6318218A79}
	EndGlobalSection
EndGlobal
