
Microsoft Visual Studio Solution File, Format Version 12.00
# Visual Studio Version 17
VisualStudioVersion = 17.5.002.0
MinimumVisualStudioVersion = 10.0.40219.1
Project("{9A19103F-16F7-4668-BE54-9A1E7A4F7556}") = "cs10", "cs10.csproj", "{08947CB7-8FE5-4954-A83A-59D7B280434F}"
EndProject
Global
	GlobalSection(SolutionConfigurationPlatforms) = preSolution
		Debug|Any CPU = Debug|Any CPU
		Release|Any CPU = Release|Any CPU
	EndGlobalSection
	GlobalSection(ProjectConfigurationPlatforms) = postSolution
		{08947CB7-8FE5-4954-A83A-59D7B280434F}.Debug|Any CPU.ActiveCfg = Debug|Any CPU
		{08947CB7-8FE5-4954-A83A-59D7B280434F}.Debug|Any CPU.Build.0 = Debug|Any CPU
		{08947CB7-8FE5-4954-A83A-59D7B280434F}.Release|Any CPU.ActiveCfg = Release|Any CPU
		{08947CB7-8FE5-4954-A83A-59D7B280434F}.Release|Any CPU.Build.0 = Release|Any CPU
	EndGlobalSection
	GlobalSection(SolutionProperties) = preSolution
		HideSolutionNode = FALSE
	EndGlobalSection
	GlobalSection(ExtensibilityGlobals) = postSolution
		SolutionGuid = {04BA47DD-62D1-43D3-8181-545CC82071F8}
	EndGlobalSection
EndGlobal
