
Microsoft Visual Studio Solution File, Format Version 12.00
# Visual Studio Version 17
VisualStudioVersion = 17.5.002.0
MinimumVisualStudioVersion = 10.0.40219.1
Project("{9A19103F-16F7-4668-BE54-9A1E7A4F7556}") = "ADO_01_SqlConnection", "ADO_01_SqlConnection.csproj", "{148D529F-EA7C-4598-BE8E-7B0C02BEA982}"
EndProject
Global
	GlobalSection(SolutionConfigurationPlatforms) = preSolution
		Debug|Any CPU = Debug|Any CPU
		Release|Any CPU = Release|Any CPU
	EndGlobalSection
	GlobalSection(ProjectConfigurationPlatforms) = postSolution
		{148D529F-EA7C-4598-BE8E-7B0C02BEA982}.Debug|Any CPU.ActiveCfg = Debug|Any CPU
		{148D529F-EA7C-4598-BE8E-7B0C02BEA982}.Debug|Any CPU.Build.0 = Debug|Any CPU
		{148D529F-EA7C-4598-BE8E-7B0C02BEA982}.Release|Any CPU.ActiveCfg = Release|Any CPU
		{148D529F-EA7C-4598-BE8E-7B0C02BEA982}.Release|Any CPU.Build.0 = Release|Any CPU
	EndGlobalSection
	GlobalSection(SolutionProperties) = preSolution
		HideSolutionNode = FALSE
	EndGlobalSection
	GlobalSection(ExtensibilityGlobals) = postSolution
		SolutionGuid = {54DA6F3C-B936-4A96-926B-AD3B98C28FC6}
	EndGlobalSection
EndGlobal
